
Microsoft Visual Studio Solution File, Format Version 12.00
# Visual Studio Version 16
VisualStudioVersion = 16.0.31702.278
MinimumVisualStudioVersion = 10.0.40219.1
Project("{FAE04EC0-301F-11D3-BF4B-00C04F79EFBC}") = "Portfolio Practic", "Portfolio Practic\Portfolio Practic.csproj", "{044757BF-82F6-46FF-90EA-9A7BB4260B1F}"
EndProject
Global
	GlobalSection(SolutionConfigurationPlatforms) = preSolution
		Debug|Any CPU = Debug|Any CPU
		Release|Any CPU = Release|Any CPU
	EndGlobalSection
	GlobalSection(ProjectConfigurationPlatforms) = postSolution
		{044757BF-82F6-46FF-90EA-9A7BB4260B1F}.Debug|Any CPU.ActiveCfg = Debug|Any CPU
		{044757BF-82F6-46FF-90EA-9A7BB4260B1F}.Debug|Any CPU.Build.0 = Debug|Any CPU
		{044757BF-82F6-46FF-90EA-9A7BB4260B1F}.Release|Any CPU.ActiveCfg = Release|Any CPU
		{044757BF-82F6-46FF-90EA-9A7BB4260B1F}.Release|Any CPU.Build.0 = Release|Any CPU
	EndGlobalSection
	GlobalSection(SolutionProperties) = preSolution
		HideSolutionNode = FALSE
	EndGlobalSection
	GlobalSection(ExtensibilityGlobals) = postSolution
		SolutionGuid = {98B5B4DA-517A-47DB-BB3E-1B5E372CD1B0}
	EndGlobalSection
EndGlobal
